
Microsoft Visual Studio Solution File, Format Version 12.00
# Visual Studio Version 17
VisualStudioVersion = 17.14.36429.23 d17.14
MinimumVisualStudioVersion = 10.0.40219.1
Project("{FAE04EC0-301F-11D3-BF4B-00C04F79EFBC}") = "RandevuSistemiv2", "RandevuSistemiv2\RandevuSistemiv2.csproj", "{3E481068-9450-437E-A3EC-83916FB75157}"
EndProject
Global
	GlobalSection(SolutionConfigurationPlatforms) = preSolution
		Debug|Any CPU = Debug|Any CPU
		Release|Any CPU = Release|Any CPU
	EndGlobalSection
	GlobalSection(ProjectConfigurationPlatforms) = postSolution
		{3E481068-9450-437E-A3EC-83916FB75157}.Debug|Any CPU.ActiveCfg = Debug|Any CPU
		{3E481068-9450-437E-A3EC-83916FB75157}.Debug|Any CPU.Build.0 = Debug|Any CPU
		{3E481068-9450-437E-A3EC-83916FB75157}.Release|Any CPU.ActiveCfg = Release|Any CPU
		{3E481068-9450-437E-A3EC-83916FB75157}.Release|Any CPU.Build.0 = Release|Any CPU
	EndGlobalSection
	GlobalSection(SolutionProperties) = preSolution
		HideSolutionNode = FALSE
	EndGlobalSection
	GlobalSection(ExtensibilityGlobals) = postSolution
		SolutionGuid = {9135CFD8-D33C-4243-AAB0-E06888F42C79}
	EndGlobalSection
EndGlobal
